// !$*UTF8*$!
{
	archiveVersion = 1;
	classes = {
	};
	objectVersion = 46;
	objects = {

/* Begin PBXBuildFile section */
		19939E890B364EC7B926FEBC /* libPods-PageKiteKitIOS.a in Frameworks */ = {isa = PBXBuildFile; fileRef = E861039A5EEB424992031F32 /* libPods-PageKiteKitIOS.a */; };
		B7256490068944B98C98E80B /* libPods-PageKiteKit.a in Frameworks */ = {isa = PBXBuildFile; fileRef = C5F6D116F8B646E1A427008E /* libPods-PageKiteKit.a */; };
		EC0B8729194C7AC800EA9B65 /* Foundation.framework in Frameworks */ = {isa = PBXBuildFile; fileRef = EC0B8728194C7AC800EA9B65 /* Foundation.framework */; };
		EC0B8736194C7AC900EA9B65 /* XCTest.framework in Frameworks */ = {isa = PBXBuildFile; fileRef = EC7A27481937B0FD002CAB06 /* XCTest.framework */; };
		EC0B8737194C7AC900EA9B65 /* Foundation.framework in Frameworks */ = {isa = PBXBuildFile; fileRef = EC0B8728194C7AC800EA9B65 /* Foundation.framework */; };
		EC0B8739194C7AC900EA9B65 /* UIKit.framework in Frameworks */ = {isa = PBXBuildFile; fileRef = EC0B8738194C7AC900EA9B65 /* UIKit.framework */; };
		EC0B873C194C7AC900EA9B65 /* libPageKiteKitIOS.a in Frameworks */ = {isa = PBXBuildFile; fileRef = EC0B8727194C7AC800EA9B65 /* libPageKiteKitIOS.a */; };
		EC0B8755194C7B2900EA9B65 /* pd_sha1.c in Sources */ = {isa = PBXBuildFile; fileRef = EC94130B1941026300E00F42 /* pd_sha1.c */; settings = {COMPILER_FLAGS = "-std=c99 -pedantic -fno-strict-aliasing -Wno-deprecated "; }; };
		EC0B8756194C7B2900EA9B65 /* pkblocker.c in Sources */ = {isa = PBXBuildFile; fileRef = EC94130C1941026300E00F42 /* pkblocker.c */; settings = {COMPILER_FLAGS = "-std=c99 -pedantic -fno-strict-aliasing -Wno-deprecated "; }; };
		EC0B8757194C7B2900EA9B65 /* pkconn.c in Sources */ = {isa = PBXBuildFile; fileRef = EC94130D1941026300E00F42 /* pkconn.c */; settings = {COMPILER_FLAGS = "-std=c99 -pedantic -fno-strict-aliasing -Wno-deprecated "; }; };
		EC0B8758194C7B2900EA9B65 /* pkerror.c in Sources */ = {isa = PBXBuildFile; fileRef = EC94130E1941026300E00F42 /* pkerror.c */; settings = {COMPILER_FLAGS = "-std=c99 -pedantic -fno-strict-aliasing -Wno-deprecated "; }; };
		EC0B8759194C7B2900EA9B65 /* pklogging.c in Sources */ = {isa = PBXBuildFile; fileRef = EC94130F1941026300E00F42 /* pklogging.c */; settings = {COMPILER_FLAGS = "-std=c99 -pedantic -fno-strict-aliasing -Wno-deprecated "; }; };
		EC0B875A194C7B2900EA9B65 /* pkmanager.c in Sources */ = {isa = PBXBuildFile; fileRef = EC9413101941026300E00F42 /* pkmanager.c */; settings = {COMPILER_FLAGS = "-std=c99 -pedantic -fno-strict-aliasing -Wno-deprecated "; }; };
		EC0B875B194C7B2900EA9B65 /* pkproto.c in Sources */ = {isa = PBXBuildFile; fileRef = EC9413111941026300E00F42 /* pkproto.c */; settings = {COMPILER_FLAGS = "-std=c99 -pedantic -fno-strict-aliasing -Wno-deprecated "; }; };
		EC0B875C194C7B2900EA9B65 /* pkstate.c in Sources */ = {isa = PBXBuildFile; fileRef = EC9413121941026300E00F42 /* pkstate.c */; settings = {COMPILER_FLAGS = "-std=c99 -pedantic -fno-strict-aliasing -Wno-deprecated "; }; };
		EC0B875D194C7B2900EA9B65 /* pkwatchdog.c in Sources */ = {isa = PBXBuildFile; fileRef = EC9413131941026300E00F42 /* pkwatchdog.c */; settings = {COMPILER_FLAGS = "-std=c99 -pedantic -fno-strict-aliasing -Wno-deprecated "; }; };
		EC0B875E194C7B2900EA9B65 /* utils.c in Sources */ = {isa = PBXBuildFile; fileRef = EC94131D1941026C00E00F42 /* utils.c */; settings = {COMPILER_FLAGS = "-std=c99 -pedantic -fno-strict-aliasing -Wno-deprecated "; }; };
		EC0B875F194C7B8200EA9B65 /* PKKManager.m in Sources */ = {isa = PBXBuildFile; fileRef = EC7A275F1937B174002CAB06 /* PKKManager.m */; };
		EC0B8760194C7B8200EA9B65 /* PKKKiteStatus.m in Sources */ = {isa = PBXBuildFile; fileRef = EC7A27631937B1BF002CAB06 /* PKKKiteStatus.m */; };
		EC0B8761194C7B8200EA9B65 /* PKKDomain.m in Sources */ = {isa = PBXBuildFile; fileRef = EC7A27F51939077B002CAB06 /* PKKDomain.m */; };
		EC0B8762194C7B8200EA9B65 /* PKKKite.m in Sources */ = {isa = PBXBuildFile; fileRef = EC9412F61940E2EF00E00F42 /* PKKKite.m */; };
		EC0B8763194C7B8200EA9B65 /* PKKProtocols.m in Sources */ = {isa = PBXBuildFile; fileRef = EC72253419425D49001BB934 /* PKKProtocols.m */; };
		EC0B8764194C7B8200EA9B65 /* PKKXmlRpcClient.m in Sources */ = {isa = PBXBuildFile; fileRef = EC7A27F11938CAE6002CAB06 /* PKKXmlRpcClient.m */; };
		EC0B8765194C7B8200EA9B65 /* PKKLibPageKite.m in Sources */ = {isa = PBXBuildFile; fileRef = EC9412FA1940EDB400E00F42 /* PKKLibPageKite.m */; };
		EC0B876F194E28B400EA9B65 /* libcrypto.dylib in Frameworks */ = {isa = PBXBuildFile; fileRef = EC72252D194107F7001BB934 /* libcrypto.dylib */; };
		EC0B8770194E28BA00EA9B65 /* libssl.dylib in Frameworks */ = {isa = PBXBuildFile; fileRef = EC722529194107EA001BB934 /* libssl.dylib */; };
		EC0B8772194E28CD00EA9B65 /* libz.dylib in Frameworks */ = {isa = PBXBuildFile; fileRef = EC0B8771194E28CD00EA9B65 /* libz.dylib */; };
		EC0B8774194E28EB00EA9B65 /* SystemConfiguration.framework in Frameworks */ = {isa = PBXBuildFile; fileRef = EC0B8773194E28EB00EA9B65 /* SystemConfiguration.framework */; };
		EC0B880C194EC29A00EA9B65 /* libev-osx.a in Frameworks */ = {isa = PBXBuildFile; fileRef = EC0B880B194EC29A00EA9B65 /* libev-osx.a */; };
		EC0B880E194EC2B300EA9B65 /* libev-ios.a in Frameworks */ = {isa = PBXBuildFile; fileRef = EC0B880D194EC2B300EA9B65 /* libev-ios.a */; };
		EC72252C194107EF001BB934 /* libpthread.dylib in Frameworks */ = {isa = PBXBuildFile; fileRef = EC72252B194107EF001BB934 /* libpthread.dylib */; };
		EC72253019410802001BB934 /* libm.dylib in Frameworks */ = {isa = PBXBuildFile; fileRef = EC72252F19410802001BB934 /* libm.dylib */; };
		EC72253519425D49001BB934 /* PKKProtocols.h in Headers */ = {isa = PBXBuildFile; fileRef = EC72253319425D49001BB934 /* PKKProtocols.h */; settings = {ATTRIBUTES = (Public, ); }; };
		EC72253619425D49001BB934 /* PKKProtocols.m in Sources */ = {isa = PBXBuildFile; fileRef = EC72253419425D49001BB934 /* PKKProtocols.m */; };
		EC7A27341937B0FD002CAB06 /* Cocoa.framework in Frameworks */ = {isa = PBXBuildFile; fileRef = EC7A27331937B0FD002CAB06 /* Cocoa.framework */; };
		EC7A273E1937B0FD002CAB06 /* InfoPlist.strings in Resources */ = {isa = PBXBuildFile; fileRef = EC7A273C1937B0FD002CAB06 /* InfoPlist.strings */; };
		EC7A27491937B0FD002CAB06 /* XCTest.framework in Frameworks */ = {isa = PBXBuildFile; fileRef = EC7A27481937B0FD002CAB06 /* XCTest.framework */; };
		EC7A274A1937B0FD002CAB06 /* Cocoa.framework in Frameworks */ = {isa = PBXBuildFile; fileRef = EC7A27331937B0FD002CAB06 /* Cocoa.framework */; };
		EC7A274D1937B0FD002CAB06 /* PageKiteKit.framework in Frameworks */ = {isa = PBXBuildFile; fileRef = EC7A27301937B0FD002CAB06 /* PageKiteKit.framework */; };
		EC7A27531937B0FD002CAB06 /* InfoPlist.strings in Resources */ = {isa = PBXBuildFile; fileRef = EC7A27511937B0FD002CAB06 /* InfoPlist.strings */; };
		EC7A27551937B0FD002CAB06 /* PageKiteKitTests.m in Sources */ = {isa = PBXBuildFile; fileRef = EC7A27541937B0FD002CAB06 /* PageKiteKitTests.m */; };
		EC7A27601937B174002CAB06 /* PKKManager.h in Headers */ = {isa = PBXBuildFile; fileRef = EC7A275E1937B174002CAB06 /* PKKManager.h */; settings = {ATTRIBUTES = (Public, ); }; };
		EC7A27611937B174002CAB06 /* PKKManager.m in Sources */ = {isa = PBXBuildFile; fileRef = EC7A275F1937B174002CAB06 /* PKKManager.m */; };
		EC7A27641937B1BF002CAB06 /* PKKKiteStatus.h in Headers */ = {isa = PBXBuildFile; fileRef = EC7A27621937B1BF002CAB06 /* PKKKiteStatus.h */; settings = {ATTRIBUTES = (Public, ); }; };
		EC7A27651937B1BF002CAB06 /* PKKKiteStatus.m in Sources */ = {isa = PBXBuildFile; fileRef = EC7A27631937B1BF002CAB06 /* PKKKiteStatus.m */; };
		EC7A27ED1937CCC5002CAB06 /* PageKiteKit.h in Headers */ = {isa = PBXBuildFile; fileRef = EC7A27401937B0FD002CAB06 /* PageKiteKit.h */; settings = {ATTRIBUTES = (Public, ); }; };
		EC7A27F21938CAE6002CAB06 /* PKKXmlRpcClient.h in Headers */ = {isa = PBXBuildFile; fileRef = EC7A27F01938CAE6002CAB06 /* PKKXmlRpcClient.h */; };
		EC7A27F31938CAE6002CAB06 /* PKKXmlRpcClient.m in Sources */ = {isa = PBXBuildFile; fileRef = EC7A27F11938CAE6002CAB06 /* PKKXmlRpcClient.m */; };
		EC7A27F61939077B002CAB06 /* PKKDomain.h in Headers */ = {isa = PBXBuildFile; fileRef = EC7A27F41939077B002CAB06 /* PKKDomain.h */; settings = {ATTRIBUTES = (Public, ); }; };
		EC7A27F71939077B002CAB06 /* PKKDomain.m in Sources */ = {isa = PBXBuildFile; fileRef = EC7A27F51939077B002CAB06 /* PKKDomain.m */; };
		EC9412F71940E2EF00E00F42 /* PKKKite.h in Headers */ = {isa = PBXBuildFile; fileRef = EC9412F51940E2EF00E00F42 /* PKKKite.h */; settings = {ATTRIBUTES = (Public, ); }; };
		EC9412F81940E2EF00E00F42 /* PKKKite.m in Sources */ = {isa = PBXBuildFile; fileRef = EC9412F61940E2EF00E00F42 /* PKKKite.m */; };
		EC9412FB1940EDB400E00F42 /* PKKLibPageKite.h in Headers */ = {isa = PBXBuildFile; fileRef = EC9412F91940EDB400E00F42 /* PKKLibPageKite.h */; };
		EC9412FC1940EDB500E00F42 /* PKKLibPageKite.m in Sources */ = {isa = PBXBuildFile; fileRef = EC9412FA1940EDB400E00F42 /* PKKLibPageKite.m */; };
		EC9413141941026300E00F42 /* pd_sha1.c in Sources */ = {isa = PBXBuildFile; fileRef = EC94130B1941026300E00F42 /* pd_sha1.c */; settings = {COMPILER_FLAGS = "-std=c99 -pedantic -fno-strict-aliasing -Wno-deprecated "; }; };
		EC9413151941026300E00F42 /* pkblocker.c in Sources */ = {isa = PBXBuildFile; fileRef = EC94130C1941026300E00F42 /* pkblocker.c */; settings = {COMPILER_FLAGS = "-std=c99 -pedantic -fno-strict-aliasing -Wno-deprecated "; }; };
		EC9413161941026300E00F42 /* pkconn.c in Sources */ = {isa = PBXBuildFile; fileRef = EC94130D1941026300E00F42 /* pkconn.c */; settings = {COMPILER_FLAGS = "-std=c99 -pedantic -fno-strict-aliasing -Wno-deprecated "; }; };
		EC9413171941026300E00F42 /* pkerror.c in Sources */ = {isa = PBXBuildFile; fileRef = EC94130E1941026300E00F42 /* pkerror.c */; settings = {COMPILER_FLAGS = "-std=c99 -pedantic -fno-strict-aliasing -Wno-deprecated "; }; };
		EC9413181941026300E00F42 /* pklogging.c in Sources */ = {isa = PBXBuildFile; fileRef = EC94130F1941026300E00F42 /* pklogging.c */; settings = {COMPILER_FLAGS = "-std=c99 -pedantic -fno-strict-aliasing -Wno-deprecated "; }; };
		EC9413191941026300E00F42 /* pkmanager.c in Sources */ = {isa = PBXBuildFile; fileRef = EC9413101941026300E00F42 /* pkmanager.c */; settings = {COMPILER_FLAGS = "-std=c99 -pedantic -fno-strict-aliasing -Wno-deprecated "; }; };
		EC94131A1941026300E00F42 /* pkproto.c in Sources */ = {isa = PBXBuildFile; fileRef = EC9413111941026300E00F42 /* pkproto.c */; settings = {COMPILER_FLAGS = "-std=c99 -pedantic -fno-strict-aliasing -Wno-deprecated "; }; };
		EC94131B1941026300E00F42 /* pkstate.c in Sources */ = {isa = PBXBuildFile; fileRef = EC9413121941026300E00F42 /* pkstate.c */; settings = {COMPILER_FLAGS = "-std=c99 -pedantic -fno-strict-aliasing -Wno-deprecated "; }; };
		EC94131C1941026300E00F42 /* pkwatchdog.c in Sources */ = {isa = PBXBuildFile; fileRef = EC9413131941026300E00F42 /* pkwatchdog.c */; settings = {COMPILER_FLAGS = "-std=c99 -pedantic -fno-strict-aliasing -Wno-deprecated "; }; };
		EC94131E1941026C00E00F42 /* utils.c in Sources */ = {isa = PBXBuildFile; fileRef = EC94131D1941026C00E00F42 /* utils.c */; settings = {COMPILER_FLAGS = "-std=c99 -pedantic -fno-strict-aliasing -Wno-deprecated "; }; };
/* End PBXBuildFile section */

/* Begin PBXContainerItemProxy section */
		EC0B873A194C7AC900EA9B65 /* PBXContainerItemProxy */ = {
			isa = PBXContainerItemProxy;
			containerPortal = EC7A27271937B0FD002CAB06 /* Project object */;
			proxyType = 1;
			remoteGlobalIDString = EC0B8726194C7AC800EA9B65;
			remoteInfo = PageKiteKitIOS;
		};
		EC0B886E195375EB00EA9B65 /* PBXContainerItemProxy */ = {
			isa = PBXContainerItemProxy;
			containerPortal = EC7A27271937B0FD002CAB06 /* Project object */;
			proxyType = 1;
			remoteGlobalIDString = EC0B886A195375E100EA9B65;
			remoteInfo = libev;
		};
		EC0B8870195375F100EA9B65 /* PBXContainerItemProxy */ = {
			isa = PBXContainerItemProxy;
			containerPortal = EC7A27271937B0FD002CAB06 /* Project object */;
			proxyType = 1;
			remoteGlobalIDString = EC0B886A195375E100EA9B65;
			remoteInfo = libev;
		};
		EC7A274B1937B0FD002CAB06 /* PBXContainerItemProxy */ = {
			isa = PBXContainerItemProxy;
			containerPortal = EC7A27271937B0FD002CAB06 /* Project object */;
			proxyType = 1;
			remoteGlobalIDString = EC7A272F1937B0FD002CAB06;
			remoteInfo = PageKiteKit;
		};
/* End PBXContainerItemProxy section */

/* Begin PBXCopyFilesBuildPhase section */
		EC0B8725194C7AC800EA9B65 /* CopyFiles */ = {
			isa = PBXCopyFilesBuildPhase;
			buildActionMask = 2147483647;
			dstPath = "include/$(PRODUCT_NAME)";
			dstSubfolderSpec = 16;
			files = (
			);
			runOnlyForDeploymentPostprocessing = 0;
		};
/* End PBXCopyFilesBuildPhase section */

/* Begin PBXFileReference section */
		B68687EEAB084CC78EEDC425 /* Pods-PageKiteKitIOS.xcconfig */ = {isa = PBXFileReference; includeInIndex = 1; lastKnownFileType = text.xcconfig; name = "Pods-PageKiteKitIOS.xcconfig"; path = "../PageKiteDemo/Pods/Pods-PageKiteKitIOS.xcconfig"; sourceTree = "<group>"; };
		C1717BE6971D4D18A4E94C74 /* Pods-PageKiteKit.xcconfig */ = {isa = PBXFileReference; includeInIndex = 1; lastKnownFileType = text.xcconfig; name = "Pods-PageKiteKit.xcconfig"; path = "../PageKiteDemo/Pods/Pods-PageKiteKit.xcconfig"; sourceTree = "<group>"; };
		C5F6D116F8B646E1A427008E /* libPods-PageKiteKit.a */ = {isa = PBXFileReference; explicitFileType = archive.ar; includeInIndex = 0; path = "libPods-PageKiteKit.a"; sourceTree = BUILT_PRODUCTS_DIR; };
		E861039A5EEB424992031F32 /* libPods-PageKiteKitIOS.a */ = {isa = PBXFileReference; explicitFileType = archive.ar; includeInIndex = 0; path = "libPods-PageKiteKitIOS.a"; sourceTree = BUILT_PRODUCTS_DIR; };
		EC0B8727194C7AC800EA9B65 /* libPageKiteKitIOS.a */ = {isa = PBXFileReference; explicitFileType = archive.ar; includeInIndex = 0; path = libPageKiteKitIOS.a; sourceTree = BUILT_PRODUCTS_DIR; };
		EC0B8728194C7AC800EA9B65 /* Foundation.framework */ = {isa = PBXFileReference; lastKnownFileType = wrapper.framework; name = Foundation.framework; path = System/Library/Frameworks/Foundation.framework; sourceTree = SDKROOT; };
		EC0B8735194C7AC900EA9B65 /* PageKiteKitIOSTests.xctest */ = {isa = PBXFileReference; explicitFileType = wrapper.cfbundle; includeInIndex = 0; path = PageKiteKitIOSTests.xctest; sourceTree = BUILT_PRODUCTS_DIR; };
		EC0B8738194C7AC900EA9B65 /* UIKit.framework */ = {isa = PBXFileReference; lastKnownFileType = wrapper.framework; name = UIKit.framework; path = Library/Frameworks/UIKit.framework; sourceTree = DEVELOPER_DIR; };
		EC0B876B194C7E4E00EA9B65 /* PageKiteKitIOS-Prefix.pch */ = {isa = PBXFileReference; fileEncoding = 4; lastKnownFileType = sourcecode.c.h; path = "PageKiteKitIOS-Prefix.pch"; sourceTree = "<group>"; };
		EC0B8771194E28CD00EA9B65 /* libz.dylib */ = {isa = PBXFileReference; lastKnownFileType = "compiled.mach-o.dylib"; name = libz.dylib; path = usr/lib/libz.dylib; sourceTree = SDKROOT; };
		EC0B8773194E28EB00EA9B65 /* SystemConfiguration.framework */ = {isa = PBXFileReference; lastKnownFileType = wrapper.framework; name = SystemConfiguration.framework; path = System/Library/Frameworks/SystemConfiguration.framework; sourceTree = SDKROOT; };
		EC0B880B194EC29A00EA9B65 /* libev-osx.a */ = {isa = PBXFileReference; lastKnownFileType = archive.ar; name = "libev-osx.a"; path = "../ThirdParty/libev-4.15/libev-osx.a"; sourceTree = "<group>"; };
		EC0B880D194EC2B300EA9B65 /* libev-ios.a */ = {isa = PBXFileReference; lastKnownFileType = archive.ar; name = "libev-ios.a"; path = "../ThirdParty/libev-4.15/libev-ios.a"; sourceTree = "<group>"; };
		EC722529194107EA001BB934 /* libssl.dylib */ = {isa = PBXFileReference; lastKnownFileType = "compiled.mach-o.dylib"; name = libssl.dylib; path = usr/lib/libssl.dylib; sourceTree = SDKROOT; };
		EC72252B194107EF001BB934 /* libpthread.dylib */ = {isa = PBXFileReference; lastKnownFileType = "compiled.mach-o.dylib"; name = libpthread.dylib; path = usr/lib/libpthread.dylib; sourceTree = SDKROOT; };
		EC72252D194107F7001BB934 /* libcrypto.dylib */ = {isa = PBXFileReference; lastKnownFileType = "compiled.mach-o.dylib"; name = libcrypto.dylib; path = usr/lib/libcrypto.dylib; sourceTree = SDKROOT; };
		EC72252F19410802001BB934 /* libm.dylib */ = {isa = PBXFileReference; lastKnownFileType = "compiled.mach-o.dylib"; name = libm.dylib; path = usr/lib/libm.dylib; sourceTree = SDKROOT; };
		EC7225311941083A001BB934 /* libev.a */ = {isa = PBXFileReference; lastKnownFileType = archive.ar; name = libev.a; path = "../ThirdParty/libev-4.15/.libs/libev.a"; sourceTree = "<group>"; };
		EC72253319425D49001BB934 /* PKKProtocols.h */ = {isa = PBXFileReference; fileEncoding = 4; lastKnownFileType = sourcecode.c.h; path = PKKProtocols.h; sourceTree = "<group>"; };
		EC72253419425D49001BB934 /* PKKProtocols.m */ = {isa = PBXFileReference; fileEncoding = 4; lastKnownFileType = sourcecode.c.objc; path = PKKProtocols.m; sourceTree = "<group>"; };
		EC7A27301937B0FD002CAB06 /* PageKiteKit.framework */ = {isa = PBXFileReference; explicitFileType = wrapper.framework; includeInIndex = 0; path = PageKiteKit.framework; sourceTree = BUILT_PRODUCTS_DIR; };
		EC7A27331937B0FD002CAB06 /* Cocoa.framework */ = {isa = PBXFileReference; lastKnownFileType = wrapper.framework; name = Cocoa.framework; path = System/Library/Frameworks/Cocoa.framework; sourceTree = SDKROOT; };
		EC7A27361937B0FD002CAB06 /* Foundation.framework */ = {isa = PBXFileReference; lastKnownFileType = wrapper.framework; name = Foundation.framework; path = System/Library/Frameworks/Foundation.framework; sourceTree = SDKROOT; };
		EC7A27371937B0FD002CAB06 /* CoreData.framework */ = {isa = PBXFileReference; lastKnownFileType = wrapper.framework; name = CoreData.framework; path = System/Library/Frameworks/CoreData.framework; sourceTree = SDKROOT; };
		EC7A27381937B0FD002CAB06 /* AppKit.framework */ = {isa = PBXFileReference; lastKnownFileType = wrapper.framework; name = AppKit.framework; path = System/Library/Frameworks/AppKit.framework; sourceTree = SDKROOT; };
		EC7A273B1937B0FD002CAB06 /* PageKiteKit-Info.plist */ = {isa = PBXFileReference; lastKnownFileType = text.plist.xml; path = "PageKiteKit-Info.plist"; sourceTree = "<group>"; };
		EC7A273D1937B0FD002CAB06 /* en */ = {isa = PBXFileReference; lastKnownFileType = text.plist.strings; name = en; path = en.lproj/InfoPlist.strings; sourceTree = "<group>"; };
		EC7A273F1937B0FD002CAB06 /* PageKiteKit-Prefix.pch */ = {isa = PBXFileReference; lastKnownFileType = sourcecode.c.h; path = "PageKiteKit-Prefix.pch"; sourceTree = "<group>"; };
		EC7A27401937B0FD002CAB06 /* PageKiteKit.h */ = {isa = PBXFileReference; lastKnownFileType = sourcecode.c.h; path = PageKiteKit.h; sourceTree = "<group>"; };
		EC7A27471937B0FD002CAB06 /* PageKiteKitTests.xctest */ = {isa = PBXFileReference; explicitFileType = wrapper.cfbundle; includeInIndex = 0; path = PageKiteKitTests.xctest; sourceTree = BUILT_PRODUCTS_DIR; };
		EC7A27481937B0FD002CAB06 /* XCTest.framework */ = {isa = PBXFileReference; lastKnownFileType = wrapper.framework; name = XCTest.framework; path = Library/Frameworks/XCTest.framework; sourceTree = DEVELOPER_DIR; };
		EC7A27501937B0FD002CAB06 /* PageKiteKitTests-Info.plist */ = {isa = PBXFileReference; lastKnownFileType = text.plist.xml; path = "PageKiteKitTests-Info.plist"; sourceTree = "<group>"; };
		EC7A27521937B0FD002CAB06 /* en */ = {isa = PBXFileReference; lastKnownFileType = text.plist.strings; name = en; path = en.lproj/InfoPlist.strings; sourceTree = "<group>"; };
		EC7A27541937B0FD002CAB06 /* PageKiteKitTests.m */ = {isa = PBXFileReference; lastKnownFileType = sourcecode.c.objc; path = PageKiteKitTests.m; sourceTree = "<group>"; };
		EC7A275E1937B174002CAB06 /* PKKManager.h */ = {isa = PBXFileReference; fileEncoding = 4; lastKnownFileType = sourcecode.c.h; path = PKKManager.h; sourceTree = "<group>"; };
		EC7A275F1937B174002CAB06 /* PKKManager.m */ = {isa = PBXFileReference; fileEncoding = 4; lastKnownFileType = sourcecode.c.objc; path = PKKManager.m; sourceTree = "<group>"; };
		EC7A27621937B1BF002CAB06 /* PKKKiteStatus.h */ = {isa = PBXFileReference; fileEncoding = 4; lastKnownFileType = sourcecode.c.h; path = PKKKiteStatus.h; sourceTree = "<group>"; };
		EC7A27631937B1BF002CAB06 /* PKKKiteStatus.m */ = {isa = PBXFileReference; fileEncoding = 4; lastKnownFileType = sourcecode.c.objc; path = PKKKiteStatus.m; sourceTree = "<group>"; };
		EC7A27F01938CAE6002CAB06 /* PKKXmlRpcClient.h */ = {isa = PBXFileReference; fileEncoding = 4; lastKnownFileType = sourcecode.c.h; path = PKKXmlRpcClient.h; sourceTree = "<group>"; };
		EC7A27F11938CAE6002CAB06 /* PKKXmlRpcClient.m */ = {isa = PBXFileReference; fileEncoding = 4; lastKnownFileType = sourcecode.c.objc; path = PKKXmlRpcClient.m; sourceTree = "<group>"; };
		EC7A27F41939077B002CAB06 /* PKKDomain.h */ = {isa = PBXFileReference; fileEncoding = 4; lastKnownFileType = sourcecode.c.h; path = PKKDomain.h; sourceTree = "<group>"; };
		EC7A27F51939077B002CAB06 /* PKKDomain.m */ = {isa = PBXFileReference; fileEncoding = 4; lastKnownFileType = sourcecode.c.objc; path = PKKDomain.m; sourceTree = "<group>"; };
		EC9412F51940E2EF00E00F42 /* PKKKite.h */ = {isa = PBXFileReference; fileEncoding = 4; lastKnownFileType = sourcecode.c.h; path = PKKKite.h; sourceTree = "<group>"; };
		EC9412F61940E2EF00E00F42 /* PKKKite.m */ = {isa = PBXFileReference; fileEncoding = 4; lastKnownFileType = sourcecode.c.objc; path = PKKKite.m; sourceTree = "<group>"; };
		EC9412F91940EDB400E00F42 /* PKKLibPageKite.h */ = {isa = PBXFileReference; fileEncoding = 4; lastKnownFileType = sourcecode.c.h; path = PKKLibPageKite.h; sourceTree = "<group>"; };
		EC9412FA1940EDB400E00F42 /* PKKLibPageKite.m */ = {isa = PBXFileReference; fileEncoding = 4; lastKnownFileType = sourcecode.c.objc; path = PKKLibPageKite.m; sourceTree = "<group>"; };
		EC9412FE1940FF5700E00F42 /* common.h */ = {isa = PBXFileReference; lastKnownFileType = sourcecode.c.h; name = common.h; path = ../../common.h; sourceTree = "<group>"; };
		EC9412FF1940FF5700E00F42 /* pagekite_net.h */ = {isa = PBXFileReference; lastKnownFileType = sourcecode.c.h; name = pagekite_net.h; path = ../../pagekite_net.h; sourceTree = "<group>"; };
		EC9413001940FF5700E00F42 /* pd_sha1.h */ = {isa = PBXFileReference; lastKnownFileType = sourcecode.c.h; name = pd_sha1.h; path = ../../pd_sha1.h; sourceTree = "<group>"; };
		EC9413011940FF5700E00F42 /* pkblocker.h */ = {isa = PBXFileReference; lastKnownFileType = sourcecode.c.h; name = pkblocker.h; path = ../../pkblocker.h; sourceTree = "<group>"; };
		EC9413021940FF5700E00F42 /* pkconn.h */ = {isa = PBXFileReference; lastKnownFileType = sourcecode.c.h; name = pkconn.h; path = ../../pkconn.h; sourceTree = "<group>"; };
		EC9413031940FF5700E00F42 /* pkerror.h */ = {isa = PBXFileReference; lastKnownFileType = sourcecode.c.h; name = pkerror.h; path = ../../pkerror.h; sourceTree = "<group>"; };
		EC9413041940FF5700E00F42 /* pklogging.h */ = {isa = PBXFileReference; lastKnownFileType = sourcecode.c.h; name = pklogging.h; path = ../../pklogging.h; sourceTree = "<group>"; };
		EC9413051940FF5700E00F42 /* pkmanager.h */ = {isa = PBXFileReference; lastKnownFileType = sourcecode.c.h; name = pkmanager.h; path = ../../pkmanager.h; sourceTree = "<group>"; };
		EC9413061940FF5700E00F42 /* pkproto.h */ = {isa = PBXFileReference; lastKnownFileType = sourcecode.c.h; name = pkproto.h; path = ../../pkproto.h; sourceTree = "<group>"; };
		EC9413071940FF5700E00F42 /* pkstate.h */ = {isa = PBXFileReference; lastKnownFileType = sourcecode.c.h; name = pkstate.h; path = ../../pkstate.h; sourceTree = "<group>"; };
		EC9413081940FF5700E00F42 /* pkwatchdog.h */ = {isa = PBXFileReference; lastKnownFileType = sourcecode.c.h; name = pkwatchdog.h; path = ../../pkwatchdog.h; sourceTree = "<group>"; };
		EC9413091940FF5700E00F42 /* utils.h */ = {isa = PBXFileReference; lastKnownFileType = sourcecode.c.h; name = utils.h; path = ../../utils.h; sourceTree = "<group>"; };
		EC94130A1940FF5700E00F42 /* version.h */ = {isa = PBXFileReference; lastKnownFileType = sourcecode.c.h; name = version.h; path = ../../version.h; sourceTree = "<group>"; };
		EC94130B1941026300E00F42 /* pd_sha1.c */ = {isa = PBXFileReference; fileEncoding = 4; lastKnownFileType = sourcecode.c.c; name = pd_sha1.c; path = ../../pd_sha1.c; sourceTree = "<group>"; };
		EC94130C1941026300E00F42 /* pkblocker.c */ = {isa = PBXFileReference; fileEncoding = 4; lastKnownFileType = sourcecode.c.c; name = pkblocker.c; path = ../../pkblocker.c; sourceTree = "<group>"; };
		EC94130D1941026300E00F42 /* pkconn.c */ = {isa = PBXFileReference; fileEncoding = 4; lastKnownFileType = sourcecode.c.c; name = pkconn.c; path = ../../pkconn.c; sourceTree = "<group>"; };
		EC94130E1941026300E00F42 /* pkerror.c */ = {isa = PBXFileReference; fileEncoding = 4; lastKnownFileType = sourcecode.c.c; name = pkerror.c; path = ../../pkerror.c; sourceTree = "<group>"; };
		EC94130F1941026300E00F42 /* pklogging.c */ = {isa = PBXFileReference; fileEncoding = 4; lastKnownFileType = sourcecode.c.c; name = pklogging.c; path = ../../pklogging.c; sourceTree = "<group>"; };
		EC9413101941026300E00F42 /* pkmanager.c */ = {isa = PBXFileReference; fileEncoding = 4; lastKnownFileType = sourcecode.c.c; name = pkmanager.c; path = ../../pkmanager.c; sourceTree = "<group>"; };
		EC9413111941026300E00F42 /* pkproto.c */ = {isa = PBXFileReference; fileEncoding = 4; lastKnownFileType = sourcecode.c.c; name = pkproto.c; path = ../../pkproto.c; sourceTree = "<group>"; };
		EC9413121941026300E00F42 /* pkstate.c */ = {isa = PBXFileReference; fileEncoding = 4; lastKnownFileType = sourcecode.c.c; name = pkstate.c; path = ../../pkstate.c; sourceTree = "<group>"; };
		EC9413131941026300E00F42 /* pkwatchdog.c */ = {isa = PBXFileReference; fileEncoding = 4; lastKnownFileType = sourcecode.c.c; name = pkwatchdog.c; path = ../../pkwatchdog.c; sourceTree = "<group>"; };
		EC94131D1941026C00E00F42 /* utils.c */ = {isa = PBXFileReference; fileEncoding = 4; lastKnownFileType = sourcecode.c.c; name = utils.c; path = ../../utils.c; sourceTree = "<group>"; };
/* End PBXFileReference section */

/* Begin PBXFrameworksBuildPhase section */
		EC0B8724194C7AC800EA9B65 /* Frameworks */ = {
			isa = PBXFrameworksBuildPhase;
			buildActionMask = 2147483647;
			files = (
				EC0B880E194EC2B300EA9B65 /* libev-ios.a in Frameworks */,
				EC0B8729194C7AC800EA9B65 /* Foundation.framework in Frameworks */,
				19939E890B364EC7B926FEBC /* libPods-PageKiteKitIOS.a in Frameworks */,
			);
			runOnlyForDeploymentPostprocessing = 0;
		};
		EC0B8732194C7AC900EA9B65 /* Frameworks */ = {
			isa = PBXFrameworksBuildPhase;
			buildActionMask = 2147483647;
			files = (
				EC0B8736194C7AC900EA9B65 /* XCTest.framework in Frameworks */,
				EC0B8739194C7AC900EA9B65 /* UIKit.framework in Frameworks */,
				EC0B873C194C7AC900EA9B65 /* libPageKiteKitIOS.a in Frameworks */,
				EC0B8737194C7AC900EA9B65 /* Foundation.framework in Frameworks */,
			);
			runOnlyForDeploymentPostprocessing = 0;
		};
		EC7A272C1937B0FD002CAB06 /* Frameworks */ = {
			isa = PBXFrameworksBuildPhase;
			buildActionMask = 2147483647;
			files = (
				EC0B880C194EC29A00EA9B65 /* libev-osx.a in Frameworks */,
				EC0B8774194E28EB00EA9B65 /* SystemConfiguration.framework in Frameworks */,
				EC0B8772194E28CD00EA9B65 /* libz.dylib in Frameworks */,
				EC0B8770194E28BA00EA9B65 /* libssl.dylib in Frameworks */,
				EC0B876F194E28B400EA9B65 /* libcrypto.dylib in Frameworks */,
				EC72253019410802001BB934 /* libm.dylib in Frameworks */,
				EC72252C194107EF001BB934 /* libpthread.dylib in Frameworks */,
				EC7A27341937B0FD002CAB06 /* Cocoa.framework in Frameworks */,
				B7256490068944B98C98E80B /* libPods-PageKiteKit.a in Frameworks */,
			);
			runOnlyForDeploymentPostprocessing = 0;
		};
		EC7A27441937B0FD002CAB06 /* Frameworks */ = {
			isa = PBXFrameworksBuildPhase;
			buildActionMask = 2147483647;
			files = (
				EC7A274A1937B0FD002CAB06 /* Cocoa.framework in Frameworks */,
				EC7A27491937B0FD002CAB06 /* XCTest.framework in Frameworks */,
				EC7A274D1937B0FD002CAB06 /* PageKiteKit.framework in Frameworks */,
			);
			runOnlyForDeploymentPostprocessing = 0;
		};
/* End PBXFrameworksBuildPhase section */

/* Begin PBXGroup section */
		EC7A27261937B0FD002CAB06 = {
			isa = PBXGroup;
			children = (
				EC9412FD1940FF2D00E00F42 /* LibPageKite */,
				EC7A27391937B0FD002CAB06 /* PageKiteKit */,
				EC7A274E1937B0FD002CAB06 /* PageKiteKitTests */,
				EC7A27321937B0FD002CAB06 /* Frameworks */,
				EC7A27311937B0FD002CAB06 /* Products */,
				C1717BE6971D4D18A4E94C74 /* Pods-PageKiteKit.xcconfig */,
				B68687EEAB084CC78EEDC425 /* Pods-PageKiteKitIOS.xcconfig */,
			);
			sourceTree = "<group>";
		};
		EC7A27311937B0FD002CAB06 /* Products */ = {
			isa = PBXGroup;
			children = (
				EC7A27301937B0FD002CAB06 /* PageKiteKit.framework */,
				EC7A27471937B0FD002CAB06 /* PageKiteKitTests.xctest */,
				EC0B8727194C7AC800EA9B65 /* libPageKiteKitIOS.a */,
				EC0B8735194C7AC900EA9B65 /* PageKiteKitIOSTests.xctest */,
			);
			name = Products;
			sourceTree = "<group>";
		};
		EC7A27321937B0FD002CAB06 /* Frameworks */ = {
			isa = PBXGroup;
			children = (
				EC0B880D194EC2B300EA9B65 /* libev-ios.a */,
				EC0B880B194EC29A00EA9B65 /* libev-osx.a */,
				EC0B8773194E28EB00EA9B65 /* SystemConfiguration.framework */,
				EC0B8771194E28CD00EA9B65 /* libz.dylib */,
				EC7225311941083A001BB934 /* libev.a */,
				EC72252F19410802001BB934 /* libm.dylib */,
				EC72252D194107F7001BB934 /* libcrypto.dylib */,
				EC72252B194107EF001BB934 /* libpthread.dylib */,
				EC722529194107EA001BB934 /* libssl.dylib */,
				EC7A27331937B0FD002CAB06 /* Cocoa.framework */,
				EC7A27481937B0FD002CAB06 /* XCTest.framework */,
				EC0B8728194C7AC800EA9B65 /* Foundation.framework */,
				EC0B8738194C7AC900EA9B65 /* UIKit.framework */,
				EC7A27351937B0FD002CAB06 /* Other Frameworks */,
				C5F6D116F8B646E1A427008E /* libPods-PageKiteKit.a */,
				E861039A5EEB424992031F32 /* libPods-PageKiteKitIOS.a */,
			);
			name = Frameworks;
			sourceTree = "<group>";
		};
		EC7A27351937B0FD002CAB06 /* Other Frameworks */ = {
			isa = PBXGroup;
			children = (
				EC7A27361937B0FD002CAB06 /* Foundation.framework */,
				EC7A27371937B0FD002CAB06 /* CoreData.framework */,
				EC7A27381937B0FD002CAB06 /* AppKit.framework */,
			);
			name = "Other Frameworks";
			sourceTree = "<group>";
		};
		EC7A27391937B0FD002CAB06 /* PageKiteKit */ = {
			isa = PBXGroup;
			children = (
				EC7A27661937B1E9002CAB06 /* Public */,
				EC7A27671937B1F5002CAB06 /* Private */,
				EC7A273A1937B0FD002CAB06 /* Supporting Files */,
			);
			path = PageKiteKit;
			sourceTree = "<group>";
		};
		EC7A273A1937B0FD002CAB06 /* Supporting Files */ = {
			isa = PBXGroup;
			children = (
				EC7A273B1937B0FD002CAB06 /* PageKiteKit-Info.plist */,
				EC7A273C1937B0FD002CAB06 /* InfoPlist.strings */,
				EC7A273F1937B0FD002CAB06 /* PageKiteKit-Prefix.pch */,
				EC0B876B194C7E4E00EA9B65 /* PageKiteKitIOS-Prefix.pch */,
			);
			name = "Supporting Files";
			sourceTree = "<group>";
		};
		EC7A274E1937B0FD002CAB06 /* PageKiteKitTests */ = {
			isa = PBXGroup;
			children = (
				EC7A27541937B0FD002CAB06 /* PageKiteKitTests.m */,
				EC7A274F1937B0FD002CAB06 /* Supporting Files */,
			);
			path = PageKiteKitTests;
			sourceTree = "<group>";
		};
		EC7A274F1937B0FD002CAB06 /* Supporting Files */ = {
			isa = PBXGroup;
			children = (
				EC7A27501937B0FD002CAB06 /* PageKiteKitTests-Info.plist */,
				EC7A27511937B0FD002CAB06 /* InfoPlist.strings */,
			);
			name = "Supporting Files";
			sourceTree = "<group>";
		};
		EC7A27661937B1E9002CAB06 /* Public */ = {
			isa = PBXGroup;
			children = (
				EC7A27401937B0FD002CAB06 /* PageKiteKit.h */,
				EC7A275E1937B174002CAB06 /* PKKManager.h */,
				EC7A275F1937B174002CAB06 /* PKKManager.m */,
				EC7A27621937B1BF002CAB06 /* PKKKiteStatus.h */,
				EC7A27631937B1BF002CAB06 /* PKKKiteStatus.m */,
				EC7A27F41939077B002CAB06 /* PKKDomain.h */,
				EC7A27F51939077B002CAB06 /* PKKDomain.m */,
				EC9412F51940E2EF00E00F42 /* PKKKite.h */,
				EC9412F61940E2EF00E00F42 /* PKKKite.m */,
				EC72253319425D49001BB934 /* PKKProtocols.h */,
				EC72253419425D49001BB934 /* PKKProtocols.m */,
			);
			name = Public;
			sourceTree = "<group>";
		};
		EC7A27671937B1F5002CAB06 /* Private */ = {
			isa = PBXGroup;
			children = (
				EC7A27F01938CAE6002CAB06 /* PKKXmlRpcClient.h */,
				EC7A27F11938CAE6002CAB06 /* PKKXmlRpcClient.m */,
				EC9412F91940EDB400E00F42 /* PKKLibPageKite.h */,
				EC9412FA1940EDB400E00F42 /* PKKLibPageKite.m */,
			);
			name = Private;
			sourceTree = "<group>";
		};
		EC9412FD1940FF2D00E00F42 /* LibPageKite */ = {
			isa = PBXGroup;
			children = (
				EC9412FE1940FF5700E00F42 /* common.h */,
				EC9412FF1940FF5700E00F42 /* pagekite_net.h */,
				EC9413001940FF5700E00F42 /* pd_sha1.h */,
				EC9413011940FF5700E00F42 /* pkblocker.h */,
				EC9413021940FF5700E00F42 /* pkconn.h */,
				EC9413031940FF5700E00F42 /* pkerror.h */,
				EC9413041940FF5700E00F42 /* pklogging.h */,
				EC9413051940FF5700E00F42 /* pkmanager.h */,
				EC9413061940FF5700E00F42 /* pkproto.h */,
				EC9413071940FF5700E00F42 /* pkstate.h */,
				EC9413081940FF5700E00F42 /* pkwatchdog.h */,
				EC9413091940FF5700E00F42 /* utils.h */,
				EC94130A1940FF5700E00F42 /* version.h */,
				EC94130B1941026300E00F42 /* pd_sha1.c */,
				EC94130C1941026300E00F42 /* pkblocker.c */,
				EC94130D1941026300E00F42 /* pkconn.c */,
				EC94130E1941026300E00F42 /* pkerror.c */,
				EC94130F1941026300E00F42 /* pklogging.c */,
				EC9413101941026300E00F42 /* pkmanager.c */,
				EC9413111941026300E00F42 /* pkproto.c */,
				EC9413121941026300E00F42 /* pkstate.c */,
				EC9413131941026300E00F42 /* pkwatchdog.c */,
				EC94131D1941026C00E00F42 /* utils.c */,
			);
			name = LibPageKite;
			sourceTree = "<group>";
		};
/* End PBXGroup section */

/* Begin PBXHeadersBuildPhase section */
		EC7A272D1937B0FD002CAB06 /* Headers */ = {
			isa = PBXHeadersBuildPhase;
			buildActionMask = 2147483647;
			files = (
				EC7A27ED1937CCC5002CAB06 /* PageKiteKit.h in Headers */,
				EC7A27641937B1BF002CAB06 /* PKKKiteStatus.h in Headers */,
				EC7A27F61939077B002CAB06 /* PKKDomain.h in Headers */,
				EC7A27F21938CAE6002CAB06 /* PKKXmlRpcClient.h in Headers */,
				EC72253519425D49001BB934 /* PKKProtocols.h in Headers */,
				EC9412F71940E2EF00E00F42 /* PKKKite.h in Headers */,
				EC9412FB1940EDB400E00F42 /* PKKLibPageKite.h in Headers */,
				EC7A27601937B174002CAB06 /* PKKManager.h in Headers */,
			);
			runOnlyForDeploymentPostprocessing = 0;
		};
/* End PBXHeadersBuildPhase section */

/* Begin PBXLegacyTarget section */
		EC0B886A195375E100EA9B65 /* libev */ = {
			isa = PBXLegacyTarget;
			buildArgumentsString = "-f Makefile.pagekite $(ACTION)";
			buildConfigurationList = EC0B886B195375E200EA9B65 /* Build configuration list for PBXLegacyTarget "libev" */;
			buildPhases = (
			);
			buildToolPath = /usr/bin/make;
			buildWorkingDirectory = "/Users/jayl/git/libpagekite/mac/ThirdParty/libev-4.15";
			dependencies = (
			);
			name = libev;
			passBuildSettingsInEnvironment = 1;
			productName = libev;
		};
/* End PBXLegacyTarget section */

/* Begin PBXNativeTarget section */
		EC0B8726194C7AC800EA9B65 /* PageKiteKitIOS */ = {
			isa = PBXNativeTarget;
			buildConfigurationList = EC0B8749194C7AC900EA9B65 /* Build configuration list for PBXNativeTarget "PageKiteKitIOS" */;
			buildPhases = (
				C0698B6ACFC542ADB31CE12A /* Check Pods Manifest.lock */,
				EC0B8723194C7AC800EA9B65 /* Sources */,
				EC0B8724194C7AC800EA9B65 /* Frameworks */,
				EC0B8725194C7AC800EA9B65 /* CopyFiles */,
				5DE08701BB124A2F8B83F536 /* Copy Pods Resources */,
			);
			buildRules = (
			);
			dependencies = (
				EC0B886F195375EB00EA9B65 /* PBXTargetDependency */,
			);
			name = PageKiteKitIOS;
			productName = PageKiteKitIOS;
			productReference = EC0B8727194C7AC800EA9B65 /* libPageKiteKitIOS.a */;
			productType = "com.apple.product-type.library.static";
		};
		EC0B8734194C7AC900EA9B65 /* PageKiteKitIOSTests */ = {
			isa = PBXNativeTarget;
			buildConfigurationList = EC0B874A194C7AC900EA9B65 /* Build configuration list for PBXNativeTarget "PageKiteKitIOSTests" */;
			buildPhases = (
				EC0B8731194C7AC900EA9B65 /* Sources */,
				EC0B8732194C7AC900EA9B65 /* Frameworks */,
				EC0B8733194C7AC900EA9B65 /* Resources */,
			);
			buildRules = (
			);
			dependencies = (
				EC0B873B194C7AC900EA9B65 /* PBXTargetDependency */,
			);
			name = PageKiteKitIOSTests;
			productName = PageKiteKitIOSTests;
			productReference = EC0B8735194C7AC900EA9B65 /* PageKiteKitIOSTests.xctest */;
			productType = "com.apple.product-type.bundle.unit-test";
		};
		EC7A272F1937B0FD002CAB06 /* PageKiteKit */ = {
			isa = PBXNativeTarget;
			buildConfigurationList = EC7A27581937B0FD002CAB06 /* Build configuration list for PBXNativeTarget "PageKiteKit" */;
			buildPhases = (
				FBBFDAC879E6427EB426D13A /* Check Pods Manifest.lock */,
				EC7A272B1937B0FD002CAB06 /* Sources */,
				EC7A272C1937B0FD002CAB06 /* Frameworks */,
				EC7A272D1937B0FD002CAB06 /* Headers */,
				EC7A272E1937B0FD002CAB06 /* Resources */,
				5B5F259B891E42419927C70D /* Copy Pods Resources */,
			);
			buildRules = (
			);
			dependencies = (
				EC0B8871195375F100EA9B65 /* PBXTargetDependency */,
			);
			name = PageKiteKit;
			productName = PageKiteKit;
			productReference = EC7A27301937B0FD002CAB06 /* PageKiteKit.framework */;
			productType = "com.apple.product-type.framework";
		};
		EC7A27461937B0FD002CAB06 /* PageKiteKitTests */ = {
			isa = PBXNativeTarget;
			buildConfigurationList = EC7A275B1937B0FD002CAB06 /* Build configuration list for PBXNativeTarget "PageKiteKitTests" */;
			buildPhases = (
				EC7A27431937B0FD002CAB06 /* Sources */,
				EC7A27441937B0FD002CAB06 /* Frameworks */,
				EC7A27451937B0FD002CAB06 /* Resources */,
			);
			buildRules = (
			);
			dependencies = (
				EC7A274C1937B0FD002CAB06 /* PBXTargetDependency */,
			);
			name = PageKiteKitTests;
			productName = PageKiteKitTests;
			productReference = EC7A27471937B0FD002CAB06 /* PageKiteKitTests.xctest */;
			productType = "com.apple.product-type.bundle.unit-test";
		};
/* End PBXNativeTarget section */

/* Begin PBXProject section */
		EC7A27271937B0FD002CAB06 /* Project object */ = {
			isa = PBXProject;
			attributes = {
				LastUpgradeCheck = 0510;
				ORGANIZATIONNAME = "SonicBunny Software";
				TargetAttributes = {
					EC0B8734194C7AC900EA9B65 = {
						TestTargetID = EC7A272F1937B0FD002CAB06;
					};
					EC7A27461937B0FD002CAB06 = {
						TestTargetID = EC7A272F1937B0FD002CAB06;
					};
				};
			};
			buildConfigurationList = EC7A272A1937B0FD002CAB06 /* Build configuration list for PBXProject "PageKiteKit" */;
			compatibilityVersion = "Xcode 3.2";
			developmentRegion = English;
			hasScannedForEncodings = 0;
			knownRegions = (
				en,
			);
			mainGroup = EC7A27261937B0FD002CAB06;
			productRefGroup = EC7A27311937B0FD002CAB06 /* Products */;
			projectDirPath = "";
			projectRoot = "";
			targets = (
				EC7A272F1937B0FD002CAB06 /* PageKiteKit */,
				EC7A27461937B0FD002CAB06 /* PageKiteKitTests */,
				EC0B8726194C7AC800EA9B65 /* PageKiteKitIOS */,
				EC0B8734194C7AC900EA9B65 /* PageKiteKitIOSTests */,
				EC0B886A195375E100EA9B65 /* libev */,
			);
		};
/* End PBXProject section */

/* Begin PBXResourcesBuildPhase section */
		EC0B8733194C7AC900EA9B65 /* Resources */ = {
			isa = PBXResourcesBuildPhase;
			buildActionMask = 2147483647;
			files = (
			);
			runOnlyForDeploymentPostprocessing = 0;
		};
		EC7A272E1937B0FD002CAB06 /* Resources */ = {
			isa = PBXResourcesBuildPhase;
			buildActionMask = 2147483647;
			files = (
				EC7A273E1937B0FD002CAB06 /* InfoPlist.strings in Resources */,
			);
			runOnlyForDeploymentPostprocessing = 0;
		};
		EC7A27451937B0FD002CAB06 /* Resources */ = {
			isa = PBXResourcesBuildPhase;
			buildActionMask = 2147483647;
			files = (
				EC7A27531937B0FD002CAB06 /* InfoPlist.strings in Resources */,
			);
			runOnlyForDeploymentPostprocessing = 0;
		};
/* End PBXResourcesBuildPhase section */

/* Begin PBXShellScriptBuildPhase section */
		5B5F259B891E42419927C70D /* Copy Pods Resources */ = {
			isa = PBXShellScriptBuildPhase;
			buildActionMask = 2147483647;
			files = (
			);
			inputPaths = (
			);
			name = "Copy Pods Resources";
			outputPaths = (
			);
			runOnlyForDeploymentPostprocessing = 0;
			shellPath = /bin/sh;
			shellScript = "\"${SRCROOT}/../PageKiteDemo/Pods/Pods-PageKiteKit-resources.sh\"\n";
			showEnvVarsInLog = 0;
		};
		5DE08701BB124A2F8B83F536 /* Copy Pods Resources */ = {
			isa = PBXShellScriptBuildPhase;
			buildActionMask = 2147483647;
			files = (
			);
			inputPaths = (
			);
			name = "Copy Pods Resources";
			outputPaths = (
			);
			runOnlyForDeploymentPostprocessing = 0;
			shellPath = /bin/sh;
			shellScript = "\"${SRCROOT}/../PageKiteDemo/Pods/Pods-PageKiteKitIOS-resources.sh\"\n";
			showEnvVarsInLog = 0;
		};
		C0698B6ACFC542ADB31CE12A /* Check Pods Manifest.lock */ = {
			isa = PBXShellScriptBuildPhase;
			buildActionMask = 2147483647;
			files = (
			);
			inputPaths = (
			);
			name = "Check Pods Manifest.lock";
			outputPaths = (
			);
			runOnlyForDeploymentPostprocessing = 0;
			shellPath = /bin/sh;
			shellScript = "diff \"${PODS_ROOT}/../Podfile.lock\" \"${PODS_ROOT}/Manifest.lock\" > /dev/null\nif [[ $? != 0 ]] ; then\n    cat << EOM\nerror: The sandbox is not in sync with the Podfile.lock. Run 'pod install' or update your CocoaPods installation.\nEOM\n    exit 1\nfi\n";
			showEnvVarsInLog = 0;
		};
		FBBFDAC879E6427EB426D13A /* Check Pods Manifest.lock */ = {
			isa = PBXShellScriptBuildPhase;
			buildActionMask = 2147483647;
			files = (
			);
			inputPaths = (
			);
			name = "Check Pods Manifest.lock";
			outputPaths = (
			);
			runOnlyForDeploymentPostprocessing = 0;
			shellPath = /bin/sh;
			shellScript = "diff \"${PODS_ROOT}/../Podfile.lock\" \"${PODS_ROOT}/Manifest.lock\" > /dev/null\nif [[ $? != 0 ]] ; then\n    cat << EOM\nerror: The sandbox is not in sync with the Podfile.lock. Run 'pod install' or update your CocoaPods installation.\nEOM\n    exit 1\nfi\n";
			showEnvVarsInLog = 0;
		};
/* End PBXShellScriptBuildPhase section */

/* Begin PBXSourcesBuildPhase section */
		EC0B8723194C7AC800EA9B65 /* Sources */ = {
			isa = PBXSourcesBuildPhase;
			buildActionMask = 2147483647;
			files = (
				EC0B8755194C7B2900EA9B65 /* pd_sha1.c in Sources */,
				EC0B8756194C7B2900EA9B65 /* pkblocker.c in Sources */,
				EC0B8757194C7B2900EA9B65 /* pkconn.c in Sources */,
				EC0B8758194C7B2900EA9B65 /* pkerror.c in Sources */,
				EC0B8759194C7B2900EA9B65 /* pklogging.c in Sources */,
				EC0B875A194C7B2900EA9B65 /* pkmanager.c in Sources */,
				EC0B875B194C7B2900EA9B65 /* pkproto.c in Sources */,
				EC0B875C194C7B2900EA9B65 /* pkstate.c in Sources */,
				EC0B875D194C7B2900EA9B65 /* pkwatchdog.c in Sources */,
				EC0B875E194C7B2900EA9B65 /* utils.c in Sources */,
				EC0B875F194C7B8200EA9B65 /* PKKManager.m in Sources */,
				EC0B8760194C7B8200EA9B65 /* PKKKiteStatus.m in Sources */,
				EC0B8761194C7B8200EA9B65 /* PKKDomain.m in Sources */,
				EC0B8762194C7B8200EA9B65 /* PKKKite.m in Sources */,
				EC0B8763194C7B8200EA9B65 /* PKKProtocols.m in Sources */,
				EC0B8764194C7B8200EA9B65 /* PKKXmlRpcClient.m in Sources */,
				EC0B8765194C7B8200EA9B65 /* PKKLibPageKite.m in Sources */,
			);
			runOnlyForDeploymentPostprocessing = 0;
		};
		EC0B8731194C7AC900EA9B65 /* Sources */ = {
			isa = PBXSourcesBuildPhase;
			buildActionMask = 2147483647;
			files = (
			);
			runOnlyForDeploymentPostprocessing = 0;
		};
		EC7A272B1937B0FD002CAB06 /* Sources */ = {
			isa = PBXSourcesBuildPhase;
			buildActionMask = 2147483647;
			files = (
				EC9413141941026300E00F42 /* pd_sha1.c in Sources */,
				EC9413151941026300E00F42 /* pkblocker.c in Sources */,
				EC7A27F71939077B002CAB06 /* PKKDomain.m in Sources */,
				EC94131A1941026300E00F42 /* pkproto.c in Sources */,
				EC94131C1941026300E00F42 /* pkwatchdog.c in Sources */,
				EC72253619425D49001BB934 /* PKKProtocols.m in Sources */,
				EC7A27611937B174002CAB06 /* PKKManager.m in Sources */,
				EC7A27651937B1BF002CAB06 /* PKKKiteStatus.m in Sources */,
				EC9413181941026300E00F42 /* pklogging.c in Sources */,
				EC7A27F31938CAE6002CAB06 /* PKKXmlRpcClient.m in Sources */,
				EC94131E1941026C00E00F42 /* utils.c in Sources */,
				EC9412FC1940EDB500E00F42 /* PKKLibPageKite.m in Sources */,
				EC9412F81940E2EF00E00F42 /* PKKKite.m in Sources */,
				EC94131B1941026300E00F42 /* pkstate.c in Sources */,
				EC9413161941026300E00F42 /* pkconn.c in Sources */,
				EC9413191941026300E00F42 /* pkmanager.c in Sources */,
				EC9413171941026300E00F42 /* pkerror.c in Sources */,
			);
			runOnlyForDeploymentPostprocessing = 0;
		};
		EC7A27431937B0FD002CAB06 /* Sources */ = {
			isa = PBXSourcesBuildPhase;
			buildActionMask = 2147483647;
			files = (
				EC7A27551937B0FD002CAB06 /* PageKiteKitTests.m in Sources */,
			);
			runOnlyForDeploymentPostprocessing = 0;
		};
/* End PBXSourcesBuildPhase section */

/* Begin PBXTargetDependency section */
		EC0B873B194C7AC900EA9B65 /* PBXTargetDependency */ = {
			isa = PBXTargetDependency;
			target = EC0B8726194C7AC800EA9B65 /* PageKiteKitIOS */;
			targetProxy = EC0B873A194C7AC900EA9B65 /* PBXContainerItemProxy */;
		};
		EC0B886F195375EB00EA9B65 /* PBXTargetDependency */ = {
			isa = PBXTargetDependency;
			target = EC0B886A195375E100EA9B65 /* libev */;
			targetProxy = EC0B886E195375EB00EA9B65 /* PBXContainerItemProxy */;
		};
		EC0B8871195375F100EA9B65 /* PBXTargetDependency */ = {
			isa = PBXTargetDependency;
			target = EC0B886A195375E100EA9B65 /* libev */;
			targetProxy = EC0B8870195375F100EA9B65 /* PBXContainerItemProxy */;
		};
		EC7A274C1937B0FD002CAB06 /* PBXTargetDependency */ = {
			isa = PBXTargetDependency;
			target = EC7A272F1937B0FD002CAB06 /* PageKiteKit */;
			targetProxy = EC7A274B1937B0FD002CAB06 /* PBXContainerItemProxy */;
		};
/* End PBXTargetDependency section */

/* Begin PBXVariantGroup section */
		EC7A273C1937B0FD002CAB06 /* InfoPlist.strings */ = {
			isa = PBXVariantGroup;
			children = (
				EC7A273D1937B0FD002CAB06 /* en */,
			);
			name = InfoPlist.strings;
			sourceTree = "<group>";
		};
		EC7A27511937B0FD002CAB06 /* InfoPlist.strings */ = {
			isa = PBXVariantGroup;
			children = (
				EC7A27521937B0FD002CAB06 /* en */,
			);
			name = InfoPlist.strings;
			sourceTree = "<group>";
		};
/* End PBXVariantGroup section */

/* Begin XCBuildConfiguration section */
		EC0B8745194C7AC900EA9B65 /* Debug */ = {
			isa = XCBuildConfiguration;
			baseConfigurationReference = B68687EEAB084CC78EEDC425 /* Pods-PageKiteKitIOS.xcconfig */;
			buildSettings = {
				DSTROOT = /tmp/PageKiteKitIOS.dst;
				GCC_PRECOMPILE_PREFIX_HEADER = YES;
				GCC_PREFIX_HEADER = "PageKiteKit/PageKiteKitIOS-Prefix.pch";
				GCC_PREPROCESSOR_DEFINITIONS = (
					"DEBUG=1",
					"$(inherited)",
				);
				HEADER_SEARCH_PATHS = (
					$inherited,
					"\"${PODS_ROOT}/Headers\"",
					"\"${PODS_ROOT}/Headers/GCDWebServer\"",
					"\"${PODS_ROOT}/Headers/NSData+Base64\"",
					"\"${PODS_ROOT}/Headers/OpenSSL\"",
					"\"${PODS_ROOT}/Headers/OpenSSL/openssl\"",
					"\"${PODS_ROOT}/Headers/xmlrpc\"",
					"$(SRCROOT)/../ThirdParty/libev-4.15",
				);
				IPHONEOS_DEPLOYMENT_TARGET = 6.1;
				LIBRARY_SEARCH_PATHS = (
					"$(inherited)",
					"/Users/jayl/git/libpagekite/mac/ThirdParty/libev-4.15/.libs",
					"/Users/jayl/git/libpagekite/mac/ThirdParty/libev-4.15",
				);
				PRODUCT_NAME = "$(TARGET_NAME)";
				SDKROOT = iphoneos;
				SKIP_INSTALL = YES;
			};
			name = Debug;
		};
		EC0B8746194C7AC900EA9B65 /* Release */ = {
			isa = XCBuildConfiguration;
			baseConfigurationReference = B68687EEAB084CC78EEDC425 /* Pods-PageKiteKitIOS.xcconfig */;
			buildSettings = {
				DSTROOT = /tmp/PageKiteKitIOS.dst;
				GCC_PRECOMPILE_PREFIX_HEADER = YES;
				GCC_PREFIX_HEADER = "PageKiteKit/PageKiteKitIOS-Prefix.pch";
				HEADER_SEARCH_PATHS = (
					$inherited,
					"\"${PODS_ROOT}/Headers\"",
					"\"${PODS_ROOT}/Headers/GCDWebServer\"",
					"\"${PODS_ROOT}/Headers/NSData+Base64\"",
					"\"${PODS_ROOT}/Headers/OpenSSL\"",
					"\"${PODS_ROOT}/Headers/OpenSSL/openssl\"",
					"\"${PODS_ROOT}/Headers/xmlrpc\"",
					"$(SRCROOT)/../ThirdParty/libev-4.15",
				);
				IPHONEOS_DEPLOYMENT_TARGET = 6.1;
				LIBRARY_SEARCH_PATHS = (
					"$(inherited)",
					"/Users/jayl/git/libpagekite/mac/ThirdParty/libev-4.15/.libs",
					"/Users/jayl/git/libpagekite/mac/ThirdParty/libev-4.15",
				);
				PRODUCT_NAME = "$(TARGET_NAME)";
				SDKROOT = iphoneos;
				SKIP_INSTALL = YES;
				VALIDATE_PRODUCT = YES;
			};
			name = Release;
		};
		EC0B8747194C7AC900EA9B65 /* Debug */ = {
			isa = XCBuildConfiguration;
			buildSettings = {
				BUNDLE_LOADER = "$(BUILT_PRODUCTS_DIR)/PageKiteKit.framework/Versions/A/PageKiteKit";
				FRAMEWORK_SEARCH_PATHS = (
					"$(SDKROOT)/Developer/Library/Frameworks",
					"$(inherited)",
					"$(DEVELOPER_FRAMEWORKS_DIR)",
				);
				GCC_PRECOMPILE_PREFIX_HEADER = YES;
				GCC_PREFIX_HEADER = "PageKiteKitIOS/PageKiteKitIOS-Prefix.pch";
				GCC_PREPROCESSOR_DEFINITIONS = (
					"DEBUG=1",
					"$(inherited)",
				);
				INFOPLIST_FILE = "PageKiteKitIOSTests/PageKiteKitIOSTests-Info.plist";
				IPHONEOS_DEPLOYMENT_TARGET = 7.1;
				PRODUCT_NAME = "$(TARGET_NAME)";
				SDKROOT = iphoneos;
				TEST_HOST = "$(BUNDLE_LOADER)";
				WRAPPER_EXTENSION = xctest;
			};
			name = Debug;
		};
		EC0B8748194C7AC900EA9B65 /* Release */ = {
			isa = XCBuildConfiguration;
			buildSettings = {
				BUNDLE_LOADER = "$(BUILT_PRODUCTS_DIR)/PageKiteKit.framework/Versions/A/PageKiteKit";
				FRAMEWORK_SEARCH_PATHS = (
					"$(SDKROOT)/Developer/Library/Frameworks",
					"$(inherited)",
					"$(DEVELOPER_FRAMEWORKS_DIR)",
				);
				GCC_PRECOMPILE_PREFIX_HEADER = YES;
				GCC_PREFIX_HEADER = "PageKiteKitIOS/PageKiteKitIOS-Prefix.pch";
				INFOPLIST_FILE = "PageKiteKitIOSTests/PageKiteKitIOSTests-Info.plist";
				IPHONEOS_DEPLOYMENT_TARGET = 7.1;
				PRODUCT_NAME = "$(TARGET_NAME)";
				SDKROOT = iphoneos;
				TEST_HOST = "$(BUNDLE_LOADER)";
				VALIDATE_PRODUCT = YES;
				WRAPPER_EXTENSION = xctest;
			};
			name = Release;
		};
		EC0B886C195375E200EA9B65 /* Debug */ = {
			isa = XCBuildConfiguration;
			buildSettings = {
				ALWAYS_SEARCH_USER_PATHS = NO;
				DEBUGGING_SYMBOLS = YES;
				GCC_GENERATE_DEBUGGING_SYMBOLS = YES;
				GCC_OPTIMIZATION_LEVEL = 0;
				GCC_PREPROCESSOR_DEFINITIONS = (
					"DEBUG=1",
					"$(inherited)",
				);
				MACOSX_DEPLOYMENT_TARGET = 10.9;
				OTHER_CFLAGS = "";
				OTHER_LDFLAGS = "";
				PRODUCT_NAME = "$(TARGET_NAME)";
			};
			name = Debug;
		};
		EC0B886D195375E200EA9B65 /* Release */ = {
			isa = XCBuildConfiguration;
			buildSettings = {
				ALWAYS_SEARCH_USER_PATHS = NO;
				MACOSX_DEPLOYMENT_TARGET = 10.9;
				OTHER_CFLAGS = "";
				OTHER_LDFLAGS = "";
				PRODUCT_NAME = "$(TARGET_NAME)";
			};
			name = Release;
		};
		EC7A27561937B0FD002CAB06 /* Debug */ = {
			isa = XCBuildConfiguration;
			buildSettings = {
				CLANG_CXX_LANGUAGE_STANDARD = "gnu++0x";
				CLANG_CXX_LIBRARY = "libc++";
				CLANG_ENABLE_MODULES = YES;
				CLANG_ENABLE_OBJC_ARC = YES;
				CLANG_WARN_BOOL_CONVERSION = YES;
				CLANG_WARN_CONSTANT_CONVERSION = YES;
				CLANG_WARN_DIRECT_OBJC_ISA_USAGE = YES_ERROR;
				CLANG_WARN_EMPTY_BODY = YES;
				CLANG_WARN_ENUM_CONVERSION = YES;
				CLANG_WARN_INT_CONVERSION = YES;
				CLANG_WARN_OBJC_ROOT_CLASS = YES_ERROR;
				CLANG_WARN__DUPLICATE_METHOD_MATCH = YES;
				COPY_PHASE_STRIP = NO;
				GCC_C_LANGUAGE_STANDARD = gnu99;
				GCC_DYNAMIC_NO_PIC = NO;
				GCC_ENABLE_OBJC_EXCEPTIONS = YES;
				GCC_OPTIMIZATION_LEVEL = 0;
				GCC_PREPROCESSOR_DEFINITIONS = (
					"DEBUG=1",
					"$(inherited)",
				);
				GCC_SYMBOLS_PRIVATE_EXTERN = NO;
				GCC_WARN_64_TO_32_BIT_CONVERSION = YES;
				GCC_WARN_ABOUT_RETURN_TYPE = YES_ERROR;
				GCC_WARN_UNDECLARED_SELECTOR = YES;
				GCC_WARN_UNINITIALIZED_AUTOS = YES_AGGRESSIVE;
				GCC_WARN_UNUSED_FUNCTION = YES;
				GCC_WARN_UNUSED_VARIABLE = YES;
				HEADER_SEARCH_PATHS = (
					"$(inherited)",
					/Applications/Xcode.app/Contents/Developer/Toolchains/XcodeDefault.xctoolchain/usr/include,
					"$(SRCROOT)/../PageKiteDemo/Pods/Headers",
				);
				IPHONEOS_DEPLOYMENT_TARGET = 6.1;
				LIBRARY_SEARCH_PATHS = "$(SRCROOT)/../ThirdParty/libev-4.15/.libs";
				MACOSX_DEPLOYMENT_TARGET = 10.7;
				ONLY_ACTIVE_ARCH = YES;
				OTHER_CFLAGS = (
					"-DHAVE_IPV6=1",
					"-DHAVE_OPENSSL=1",
					"-DPK_TRACE=0",
				);
				SDKROOT = macosx;
				WARNING_CFLAGS = (
					"-Wno-empty-translation-unit",
					"-Wno-deprecated",
					"-Wno-format",
					"-Wno-shorten-64-to-32",
					"-Wno-visibility",
				);
			};
			name = Debug;
		};
		EC7A27571937B0FD002CAB06 /* Release */ = {
			isa = XCBuildConfiguration;
			buildSettings = {
				CLANG_CXX_LANGUAGE_STANDARD = "gnu++0x";
				CLANG_CXX_LIBRARY = "libc++";
				CLANG_ENABLE_MODULES = YES;
				CLANG_ENABLE_OBJC_ARC = YES;
				CLANG_WARN_BOOL_CONVERSION = YES;
				CLANG_WARN_CONSTANT_CONVERSION = YES;
				CLANG_WARN_DIRECT_OBJC_ISA_USAGE = YES_ERROR;
				CLANG_WARN_EMPTY_BODY = YES;
				CLANG_WARN_ENUM_CONVERSION = YES;
				CLANG_WARN_INT_CONVERSION = YES;
				CLANG_WARN_OBJC_ROOT_CLASS = YES_ERROR;
				CLANG_WARN__DUPLICATE_METHOD_MATCH = YES;
				COPY_PHASE_STRIP = YES;
				DEBUG_INFORMATION_FORMAT = "dwarf-with-dsym";
				ENABLE_NS_ASSERTIONS = NO;
				GCC_C_LANGUAGE_STANDARD = gnu99;
				GCC_ENABLE_OBJC_EXCEPTIONS = YES;
				GCC_WARN_64_TO_32_BIT_CONVERSION = YES;
				GCC_WARN_ABOUT_RETURN_TYPE = YES_ERROR;
				GCC_WARN_UNDECLARED_SELECTOR = YES;
				GCC_WARN_UNINITIALIZED_AUTOS = YES_AGGRESSIVE;
				GCC_WARN_UNUSED_FUNCTION = YES;
				GCC_WARN_UNUSED_VARIABLE = YES;
				HEADER_SEARCH_PATHS = (
					"$(inherited)",
					/Applications/Xcode.app/Contents/Developer/Toolchains/XcodeDefault.xctoolchain/usr/include,
					"$(SRCROOT)/../PageKiteDemo/Pods/Headers",
				);
				IPHONEOS_DEPLOYMENT_TARGET = 6.1;
				LIBRARY_SEARCH_PATHS = "$(SRCROOT)/../ThirdParty/libev-4.15/.libs";
				MACOSX_DEPLOYMENT_TARGET = 10.7;
				OTHER_CFLAGS = (
					"-DHAVE_IPV6=1",
					"-DHAVE_OPENSSL=1",
					"-DPK_TRACE=0",
				);
				SDKROOT = macosx;
				WARNING_CFLAGS = (
					"-Wno-empty-translation-unit",
					"-Wno-deprecated",
					"-Wno-format",
					"-Wno-shorten-64-to-32",
					"-Wno-visibility",
				);
			};
			name = Release;
		};
		EC7A27591937B0FD002CAB06 /* Debug */ = {
			isa = XCBuildConfiguration;
			baseConfigurationReference = C1717BE6971D4D18A4E94C74 /* Pods-PageKiteKit.xcconfig */;
			buildSettings = {
				COMBINE_HIDPI_IMAGES = YES;
				DYLIB_COMPATIBILITY_VERSION = 1;
				DYLIB_CURRENT_VERSION = 1;
				FRAMEWORK_VERSION = A;
				GCC_PRECOMPILE_PREFIX_HEADER = YES;
				GCC_PREFIX_HEADER = "PageKiteKit/PageKiteKit-Prefix.pch";
				HEADER_SEARCH_PATHS = (
					"$(inherited)",
					/Applications/Xcode.app/Contents/Developer/Toolchains/XcodeDefault.xctoolchain/usr/include,
					"$(SRCROOT)/../ThirdParty/libev-4.15",
				);
				INFOPLIST_FILE = "PageKiteKit/PageKiteKit-Info.plist";
				LD_DYLIB_INSTALL_NAME = "@rpath/${EXECUTABLE_PATH}";
				LIBRARY_SEARCH_PATHS = (
					"$(inherited)",
					"$(SRCROOT)/../ThirdParty/libev-4.15",
				);
				PRODUCT_NAME = "$(TARGET_NAME)";
				WRAPPER_EXTENSION = framework;
			};
			name = Debug;
		};
		EC7A275A1937B0FD002CAB06 /* Release */ = {
			isa = XCBuildConfiguration;
			baseConfigurationReference = C1717BE6971D4D18A4E94C74 /* Pods-PageKiteKit.xcconfig */;
			buildSettings = {
				COMBINE_HIDPI_IMAGES = YES;
				DYLIB_COMPATIBILITY_VERSION = 1;
				DYLIB_CURRENT_VERSION = 1;
				FRAMEWORK_VERSION = A;
				GCC_PRECOMPILE_PREFIX_HEADER = YES;
				GCC_PREFIX_HEADER = "PageKiteKit/PageKiteKit-Prefix.pch";
				HEADER_SEARCH_PATHS = (
					"$(inherited)",
					/Applications/Xcode.app/Contents/Developer/Toolchains/XcodeDefault.xctoolchain/usr/include,
					"$(SRCROOT)/../ThirdParty/libev-4.15",
				);
				INFOPLIST_FILE = "PageKiteKit/PageKiteKit-Info.plist";
				LD_DYLIB_INSTALL_NAME = "@rpath/${EXECUTABLE_PATH}";
				LIBRARY_SEARCH_PATHS = (
					"$(inherited)",
					"$(SRCROOT)/../ThirdParty/libev-4.15",
				);
				PRODUCT_NAME = "$(TARGET_NAME)";
				WRAPPER_EXTENSION = framework;
			};
			name = Release;
		};
		EC7A275C1937B0FD002CAB06 /* Debug */ = {
			isa = XCBuildConfiguration;
			buildSettings = {
				BUNDLE_LOADER = "$(BUILT_PRODUCTS_DIR)/PageKiteKit.framework/Versions/A/PageKiteKit";
				COMBINE_HIDPI_IMAGES = YES;
				FRAMEWORK_SEARCH_PATHS = (
					"$(DEVELOPER_FRAMEWORKS_DIR)",
					"$(inherited)",
				);
				GCC_PRECOMPILE_PREFIX_HEADER = YES;
				GCC_PREFIX_HEADER = "PageKiteKit/PageKiteKit-Prefix.pch";
				GCC_PREPROCESSOR_DEFINITIONS = (
					"DEBUG=1",
					"$(inherited)",
				);
				INFOPLIST_FILE = "PageKiteKitTests/PageKiteKitTests-Info.plist";
				PRODUCT_NAME = "$(TARGET_NAME)";
				TEST_HOST = "$(BUNDLE_LOADER)";
				WRAPPER_EXTENSION = xctest;
			};
			name = Debug;
		};
		EC7A275D1937B0FD002CAB06 /* Release */ = {
			isa = XCBuildConfiguration;
			buildSettings = {
				BUNDLE_LOADER = "$(BUILT_PRODUCTS_DIR)/PageKiteKit.framework/Versions/A/PageKiteKit";
				COMBINE_HIDPI_IMAGES = YES;
				FRAMEWORK_SEARCH_PATHS = (
					"$(DEVELOPER_FRAMEWORKS_DIR)",
					"$(inherited)",
				);
				GCC_PRECOMPILE_PREFIX_HEADER = YES;
				GCC_PREFIX_HEADER = "PageKiteKit/PageKiteKit-Prefix.pch";
				INFOPLIST_FILE = "PageKiteKitTests/PageKiteKitTests-Info.plist";
				PRODUCT_NAME = "$(TARGET_NAME)";
				TEST_HOST = "$(BUNDLE_LOADER)";
				WRAPPER_EXTENSION = xctest;
			};
			name = Release;
		};
/* End XCBuildConfiguration section */

/* Begin XCConfigurationList section */
		EC0B8749194C7AC900EA9B65 /* Build configuration list for PBXNativeTarget "PageKiteKitIOS" */ = {
			isa = XCConfigurationList;
			buildConfigurations = (
				EC0B8745194C7AC900EA9B65 /* Debug */,
				EC0B8746194C7AC900EA9B65 /* Release */,
			);
			defaultConfigurationIsVisible = 0;
			defaultConfigurationName = Release;
		};
		EC0B874A194C7AC900EA9B65 /* Build configuration list for PBXNativeTarget "PageKiteKitIOSTests" */ = {
			isa = XCConfigurationList;
			buildConfigurations = (
				EC0B8747194C7AC900EA9B65 /* Debug */,
				EC0B8748194C7AC900EA9B65 /* Release */,
			);
			defaultConfigurationIsVisible = 0;
			defaultConfigurationName = Release;
		};
		EC0B886B195375E200EA9B65 /* Build configuration list for PBXLegacyTarget "libev" */ = {
			isa = XCConfigurationList;
			buildConfigurations = (
				EC0B886C195375E200EA9B65 /* Debug */,
				EC0B886D195375E200EA9B65 /* Release */,
			);
			defaultConfigurationIsVisible = 0;
		};
		EC7A272A1937B0FD002CAB06 /* Build configuration list for PBXProject "PageKiteKit" */ = {
			isa = XCConfigurationList;
			buildConfigurations = (
				EC7A27561937B0FD002CAB06 /* Debug */,
				EC7A27571937B0FD002CAB06 /* Release */,
			);
			defaultConfigurationIsVisible = 0;
			defaultConfigurationName = Release;
		};
		EC7A27581937B0FD002CAB06 /* Build configuration list for PBXNativeTarget "PageKiteKit" */ = {
			isa = XCConfigurationList;
			buildConfigurations = (
				EC7A27591937B0FD002CAB06 /* Debug */,
				EC7A275A1937B0FD002CAB06 /* Release */,
			);
			defaultConfigurationIsVisible = 0;
			defaultConfigurationName = Release;
		};
		EC7A275B1937B0FD002CAB06 /* Build configuration list for PBXNativeTarget "PageKiteKitTests" */ = {
			isa = XCConfigurationList;
			buildConfigurations = (
				EC7A275C1937B0FD002CAB06 /* Debug */,
				EC7A275D1937B0FD002CAB06 /* Release */,
			);
			defaultConfigurationIsVisible = 0;
			defaultConfigurationName = Release;
		};
/* End XCConfigurationList section */
	};
	rootObject = EC7A27271937B0FD002CAB06 /* Project object */;
}
